// !$*UTF8*$!
{
	archiveVersion = 1;
	classes = {
	};
	objectVersion = 50;
	objects = {

/* Begin PBXBuildFile section */
		74AA77C2246DC23500E8327F /* AppDelegate.swift in Sources */ = {isa = PBXBuildFile; fileRef = 74AA77C1246DC23500E8327F /* AppDelegate.swift */; };
		74AA77C4246DC23500E8327F /* SceneDelegate.swift in Sources */ = {isa = PBXBuildFile; fileRef = 74AA77C3246DC23500E8327F /* SceneDelegate.swift */; };
		74AA77C6246DC23500E8327F /* ViewController.swift in Sources */ = {isa = PBXBuildFile; fileRef = 74AA77C5246DC23500E8327F /* ViewController.swift */; };
		74AA77C9246DC23500E8327F /* Main.storyboard in Resources */ = {isa = PBXBuildFile; fileRef = 74AA77C7246DC23500E8327F /* Main.storyboard */; };
		74AA77CB246DC23800E8327F /* Assets.xcassets in Resources */ = {isa = PBXBuildFile; fileRef = 74AA77CA246DC23800E8327F /* Assets.xcassets */; };
		74AA77CE246DC23800E8327F /* LaunchScreen.storyboard in Resources */ = {isa = PBXBuildFile; fileRef = 74AA77CC246DC23800E8327F /* LaunchScreen.storyboard */; };
		74AA77D9246DC23800E8327F /* MusicPlayerTests.swift in Sources */ = {isa = PBXBuildFile; fileRef = 74AA77D8246DC23800E8327F /* MusicPlayerTests.swift */; };
		74AA77E4246DC23800E8327F /* MusicPlayerUITests.swift in Sources */ = {isa = PBXBuildFile; fileRef = 74AA77E3246DC23800E8327F /* MusicPlayerUITests.swift */; };
/* End PBXBuildFile section */

/* Begin PBXContainerItemProxy section */
		74AA77D5246DC23800E8327F /* PBXContainerItemProxy */ = {
			isa = PBXContainerItemProxy;
			containerPortal = 74AA77B6246DC23500E8327F /* Project object */;
			proxyType = 1;
			remoteGlobalIDString = 74AA77BD246DC23500E8327F;
			remoteInfo = MusicPlayer;
		};
		74AA77E0246DC23800E8327F /* PBXContainerItemProxy */ = {
			isa = PBXContainerItemProxy;
			containerPortal = 74AA77B6246DC23500E8327F /* Project object */;
			proxyType = 1;
			remoteGlobalIDString = 74AA77BD246DC23500E8327F;
			remoteInfo = MusicPlayer;
		};
/* End PBXContainerItemProxy section */

/* Begin PBXFileReference section */
		74AA77BE246DC23500E8327F /* MusicPlayer.app */ = {isa = PBXFileReference; explicitFileType = wrapper.application; includeInIndex = 0; path = MusicPlayer.app; sourceTree = BUILT_PRODUCTS_DIR; };
		74AA77C1246DC23500E8327F /* AppDelegate.swift */ = {isa = PBXFileReference; lastKnownFileType = sourcecode.swift; path = AppDelegate.swift; sourceTree = "<group>"; };
		74AA77C3246DC23500E8327F /* SceneDelegate.swift */ = {isa = PBXFileReference; lastKnownFileType = sourcecode.swift; path = SceneDelegate.swift; sourceTree = "<group>"; };
		74AA77C5246DC23500E8327F /* ViewController.swift */ = {isa = PBXFileReference; lastKnownFileType = sourcecode.swift; path = ViewController.swift; sourceTree = "<group>"; };
		74AA77C8246DC23500E8327F /* Base */ = {isa = PBXFileReference; lastKnownFileType = file.storyboard; name = Base; path = Base.lproj/Main.storyboard; sourceTree = "<group>"; };
		74AA77CA246DC23800E8327F /* Assets.xcassets */ = {isa = PBXFileReference; lastKnownFileType = folder.assetcatalog; path = Assets.xcassets; sourceTree = "<group>"; };
		74AA77CD246DC23800E8327F /* Base */ = {isa = PBXFileReference; lastKnownFileType = file.storyboard; name = Base; path = Base.lproj/LaunchScreen.storyboard; sourceTree = "<group>"; };
		74AA77CF246DC23800E8327F /* Info.plist */ = {isa = PBXFileReference; lastKnownFileType = text.plist.xml; path = Info.plist; sourceTree = "<group>"; };
		74AA77D4246DC23800E8327F /* MusicPlayerTests.xctest */ = {isa = PBXFileReference; explicitFileType = wrapper.cfbundle; includeInIndex = 0; path = MusicPlayerTests.xctest; sourceTree = BUILT_PRODUCTS_DIR; };
		74AA77D8246DC23800E8327F /* MusicPlayerTests.swift */ = {isa = PBXFileReference; lastKnownFileType = sourcecode.swift; path = MusicPlayerTests.swift; sourceTree = "<group>"; };
		74AA77DA246DC23800E8327F /* Info.plist */ = {isa = PBXFileReference; lastKnownFileType = text.plist.xml; path = Info.plist; sourceTree = "<group>"; };
		74AA77DF246DC23800E8327F /* MusicPlayerUITests.xctest */ = {isa = PBXFileReference; explicitFileType = wrapper.cfbundle; includeInIndex = 0; path = MusicPlayerUITests.xctest; sourceTree = BUILT_PRODUCTS_DIR; };
		74AA77E3246DC23800E8327F /* MusicPlayerUITests.swift */ = {isa = PBXFileReference; lastKnownFileType = sourcecode.swift; path = MusicPlayerUITests.swift; sourceTree = "<group>"; };
		74AA77E5246DC23800E8327F /* Info.plist */ = {isa = PBXFileReference; lastKnownFileType = text.plist.xml; path = Info.plist; sourceTree = "<group>"; };
/* End PBXFileReference section */

/* Begin PBXFrameworksBuildPhase section */
		74AA77BB246DC23500E8327F /* Frameworks */ = {
			isa = PBXFrameworksBuildPhase;
			buildActionMask = 2147483647;
			files = (
			);
			runOnlyForDeploymentPostprocessing = 0;
		};
		74AA77D1246DC23800E8327F /* Frameworks */ = {
			isa = PBXFrameworksBuildPhase;
			buildActionMask = 2147483647;
			files = (
			);
			runOnlyForDeploymentPostprocessing = 0;
		};
		74AA77DC246DC23800E8327F /* Frameworks */ = {
			isa = PBXFrameworksBuildPhase;
			buildActionMask = 2147483647;
			files = (
			);
			runOnlyForDeploymentPostprocessing = 0;
		};
/* End PBXFrameworksBuildPhase section */

/* Begin PBXGroup section */
		74AA77B5246DC23500E8327F = {
			isa = PBXGroup;
			children = (
				74AA77C0246DC23500E8327F /* MusicPlayer */,
				74AA77D7246DC23800E8327F /* MusicPlayerTests */,
				74AA77E2246DC23800E8327F /* MusicPlayerUITests */,
				74AA77BF246DC23500E8327F /* Products */,
			);
			sourceTree = "<group>";
		};
		74AA77BF246DC23500E8327F /* Products */ = {
			isa = PBXGroup;
			children = (
				74AA77BE246DC23500E8327F /* MusicPlayer.app */,
				74AA77D4246DC23800E8327F /* MusicPlayerTests.xctest */,
				74AA77DF246DC23800E8327F /* MusicPlayerUITests.xctest */,
			);
			name = Products;
			sourceTree = "<group>";
		};
		74AA77C0246DC23500E8327F /* MusicPlayer */ = {
			isa = PBXGroup;
			children = (
				74AA77C1246DC23500E8327F /* AppDelegate.swift */,
				74AA77C3246DC23500E8327F /* SceneDelegate.swift */,
				74AA77C5246DC23500E8327F /* ViewController.swift */,
				74AA77C7246DC23500E8327F /* Main.storyboard */,
				74AA77CA246DC23800E8327F /* Assets.xcassets */,
				74AA77CC246DC23800E8327F /* LaunchScreen.storyboard */,
				74AA77CF246DC23800E8327F /* Info.plist */,
			);
			path = MusicPlayer;
			sourceTree = "<group>";
		};
		74AA77D7246DC23800E8327F /* MusicPlayerTests */ = {
			isa = PBXGroup;
			children = (
				74AA77D8246DC23800E8327F /* MusicPlayerTests.swift */,
				74AA77DA246DC23800E8327F /* Info.plist */,
			);
			path = MusicPlayerTests;
			sourceTree = "<group>";
		};
		74AA77E2246DC23800E8327F /* MusicPlayerUITests */ = {
			isa = PBXGroup;
			children = (
				74AA77E3246DC23800E8327F /* MusicPlayerUITests.swift */,
				74AA77E5246DC23800E8327F /* Info.plist */,
			);
			path = MusicPlayerUITests;
			sourceTree = "<group>";
		};
/* End PBXGroup section */

/* Begin PBXNativeTarget section */
		74AA77BD246DC23500E8327F /* MusicPlayer */ = {
			isa = PBXNativeTarget;
			buildConfigurationList = 74AA77E8246DC23800E8327F /* Build configuration list for PBXNativeTarget "MusicPlayer" */;
			buildPhases = (
				74AA77BA246DC23500E8327F /* Sources */,
				74AA77BB246DC23500E8327F /* Frameworks */,
				74AA77BC246DC23500E8327F /* Resources */,
			);
			buildRules = (
			);
			dependencies = (
			);
			name = MusicPlayer;
			productName = MusicPlayer;
			productReference = 74AA77BE246DC23500E8327F /* MusicPlayer.app */;
			productType = "com.apple.product-type.application";
		};
		74AA77D3246DC23800E8327F /* MusicPlayerTests */ = {
			isa = PBXNativeTarget;
			buildConfigurationList = 74AA77EB246DC23800E8327F /* Build configuration list for PBXNativeTarget "MusicPlayerTests" */;
			buildPhases = (
				74AA77D0246DC23800E8327F /* Sources */,
				74AA77D1246DC23800E8327F /* Frameworks */,
				74AA77D2246DC23800E8327F /* Resources */,
			);
			buildRules = (
			);
			dependencies = (
				74AA77D6246DC23800E8327F /* PBXTargetDependency */,
			);
			name = MusicPlayerTests;
			productName = MusicPlayerTests;
			productReference = 74AA77D4246DC23800E8327F /* MusicPlayerTests.xctest */;
			productType = "com.apple.product-type.bundle.unit-test";
		};
		74AA77DE246DC23800E8327F /* MusicPlayerUITests */ = {
			isa = PBXNativeTarget;
			buildConfigurationList = 74AA77EE246DC23800E8327F /* Build configuration list for PBXNativeTarget "MusicPlayerUITests" */;
			buildPhases = (
				74AA77DB246DC23800E8327F /* Sources */,
				74AA77DC246DC23800E8327F /* Frameworks */,
				74AA77DD246DC23800E8327F /* Resources */,
			);
			buildRules = (
			);
			dependencies = (
				74AA77E1246DC23800E8327F /* PBXTargetDependency */,
			);
			name = MusicPlayerUITests;
			productName = MusicPlayerUITests;
			productReference = 74AA77DF246DC23800E8327F /* MusicPlayerUITests.xctest */;
			productType = "com.apple.product-type.bundle.ui-testing";
		};
/* End PBXNativeTarget section */

/* Begin PBXProject section */
		74AA77B6246DC23500E8327F /* Project object */ = {
			isa = PBXProject;
			attributes = {
				LastSwiftUpdateCheck = 1140;
				LastUpgradeCheck = 1140;
				ORGANIZATIONNAME = "Anthony Arjun";
				TargetAttributes = {
					74AA77BD246DC23500E8327F = {
						CreatedOnToolsVersion = 11.4.1;
					};
					74AA77D3246DC23800E8327F = {
						CreatedOnToolsVersion = 11.4.1;
						TestTargetID = 74AA77BD246DC23500E8327F;
					};
					74AA77DE246DC23800E8327F = {
						CreatedOnToolsVersion = 11.4.1;
						TestTargetID = 74AA77BD246DC23500E8327F;
					};
				};
			};
			buildConfigurationList = 74AA77B9246DC23500E8327F /* Build configuration list for PBXProject "MusicPlayer" */;
			compatibilityVersion = "Xcode 9.3";
			developmentRegion = en;
			hasScannedForEncodings = 0;
			knownRegions = (
				en,
				Base,
			);
			mainGroup = 74AA77B5246DC23500E8327F;
			productRefGroup = 74AA77BF246DC23500E8327F /* Products */;
			projectDirPath = "";
			projectRoot = "";
			targets = (
				74AA77BD246DC23500E8327F /* MusicPlayer */,
				74AA77D3246DC23800E8327F /* MusicPlayerTests */,
				74AA77DE246DC23800E8327F /* MusicPlayerUITests */,
			);
		};
/* End PBXProject section */

/* Begin PBXResourcesBuildPhase section */
		74AA77BC246DC23500E8327F /* Resources */ = {
			isa = PBXResourcesBuildPhase;
			buildActionMask = 2147483647;
			files = (
				74AA77CE246DC23800E8327F /* LaunchScreen.storyboard in Resources */,
				74AA77CB246DC23800E8327F /* Assets.xcassets in Resources */,
				74AA77C9246DC23500E8327F /* Main.storyboard in Resources */,
			);
			runOnlyForDeploymentPostprocessing = 0;
		};
		74AA77D2246DC23800E8327F /* Resources */ = {
			isa = PBXResourcesBuildPhase;
			buildActionMask = 2147483647;
			files = (
			);
			runOnlyForDeploymentPostprocessing = 0;
		};
		74AA77DD246DC23800E8327F /* Resources */ = {
			isa = PBXResourcesBuildPhase;
			buildActionMask = 2147483647;
			files = (
			);
			runOnlyForDeploymentPostprocessing = 0;
		};
/* End PBXResourcesBuildPhase section */

/* Begin PBXSourcesBuildPhase section */
		74AA77BA246DC23500E8327F /* Sources */ = {
			isa = PBXSourcesBuildPhase;
			buildActionMask = 2147483647;
			files = (
				74AA77C6246DC23500E8327F /* ViewController.swift in Sources */,
				74AA77C2246DC23500E8327F /* AppDelegate.swift in Sources */,
				74AA77C4246DC23500E8327F /* SceneDelegate.swift in Sources */,
			);
			runOnlyForDeploymentPostprocessing = 0;
		};
		74AA77D0246DC23800E8327F /* Sources */ = {
			isa = PBXSourcesBuildPhase;
			buildActionMask = 2147483647;
			files = (
				74AA77D9246DC23800E8327F /* MusicPlayerTests.swift in Sources */,
			);
			runOnlyForDeploymentPostprocessing = 0;
		};
		74AA77DB246DC23800E8327F /* Sources */ = {
			isa = PBXSourcesBuildPhase;
			buildActionMask = 2147483647;
			files = (
				74AA77E4246DC23800E8327F /* MusicPlayerUITests.swift in Sources */,
			);
			runOnlyForDeploymentPostprocessing = 0;
		};
/* End PBXSourcesBuildPhase section */

/* Begin PBXTargetDependency section */
		74AA77D6246DC23800E8327F /* PBXTargetDependency */ = {
			isa = PBXTargetDependency;
			target = 74AA77BD246DC23500E8327F /* MusicPlayer */;
			targetProxy = 74AA77D5246DC23800E8327F /* PBXContainerItemProxy */;
		};
		74AA77E1246DC23800E8327F /* PBXTargetDependency */ = {
			isa = PBXTargetDependency;
			target = 74AA77BD246DC23500E8327F /* MusicPlayer */;
			targetProxy = 74AA77E0246DC23800E8327F /* PBXContainerItemProxy */;
		};
/* End PBXTargetDependency section */

/* Begin PBXVariantGroup section */
		74AA77C7246DC23500E8327F /* Main.storyboard */ = {
			isa = PBXVariantGroup;
			children = (
				74AA77C8246DC23500E8327F /* Base */,
			);
			name = Main.storyboard;
			sourceTree = "<group>";
		};
		74AA77CC246DC23800E8327F /* LaunchScreen.storyboard */ = {
			isa = PBXVariantGroup;
			children = (
				74AA77CD246DC23800E8327F /* Base */,
			);
			name = LaunchScreen.storyboard;
			sourceTree = "<group>";
		};
/* End PBXVariantGroup section */

/* Begin XCBuildConfiguration section */
		74AA77E6246DC23800E8327F /* Debug */ = {
			isa = XCBuildConfiguration;
			buildSettings = {
				ALWAYS_SEARCH_USER_PATHS = NO;
				CLANG_ANALYZER_NONNULL = YES;
				CLANG_ANALYZER_NUMBER_OBJECT_CONVERSION = YES_AGGRESSIVE;
				CLANG_CXX_LANGUAGE_STANDARD = "gnu++14";
				CLANG_CXX_LIBRARY = "libc++";
				CLANG_ENABLE_MODULES = YES;
				CLANG_ENABLE_OBJC_ARC = YES;
				CLANG_ENABLE_OBJC_WEAK = YES;
				CLANG_WARN_BLOCK_CAPTURE_AUTORELEASING = YES;
				CLANG_WARN_BOOL_CONVERSION = YES;
				CLANG_WARN_COMMA = YES;
				CLANG_WARN_CONSTANT_CONVERSION = YES;
				CLANG_WARN_DEPRECATED_OBJC_IMPLEMENTATIONS = YES;
				CLANG_WARN_DIRECT_OBJC_ISA_USAGE = YES_ERROR;
				CLANG_WARN_DOCUMENTATION_COMMENTS = YES;
				CLANG_WARN_EMPTY_BODY = YES;
				CLANG_WARN_ENUM_CONVERSION = YES;
				CLANG_WARN_INFINITE_RECURSION = YES;
				CLANG_WARN_INT_CONVERSION = YES;
				CLANG_WARN_NON_LITERAL_NULL_CONVERSION = YES;
				CLANG_WARN_OBJC_IMPLICIT_RETAIN_SELF = YES;
				CLANG_WARN_OBJC_LITERAL_CONVERSION = YES;
				CLANG_WARN_OBJC_ROOT_CLASS = YES_ERROR;
				CLANG_WARN_RANGE_LOOP_ANALYSIS = YES;
				CLANG_WARN_STRICT_PROTOTYPES = YES;
				CLANG_WARN_SUSPICIOUS_MOVE = YES;
				CLANG_WARN_UNGUARDED_AVAILABILITY = YES_AGGRESSIVE;
				CLANG_WARN_UNREACHABLE_CODE = YES;
				CLANG_WARN__DUPLICATE_METHOD_MATCH = YES;
				COPY_PHASE_STRIP = NO;
				DEBUG_INFORMATION_FORMAT = dwarf;
				ENABLE_STRICT_OBJC_MSGSEND = YES;
				ENABLE_TESTABILITY = YES;
				GCC_C_LANGUAGE_STANDARD = gnu11;
				GCC_DYNAMIC_NO_PIC = NO;
				GCC_NO_COMMON_BLOCKS = YES;
				GCC_OPTIMIZATION_LEVEL = 0;
				GCC_PREPROCESSOR_DEFINITIONS = (
					"DEBUG=1",
					"$(inherited)",
				);
				GCC_WARN_64_TO_32_BIT_CONVERSION = YES;
				GCC_WARN_ABOUT_RETURN_TYPE = YES_ERROR;
				GCC_WARN_UNDECLARED_SELECTOR = YES;
				GCC_WARN_UNINITIALIZED_AUTOS = YES_AGGRESSIVE;
				GCC_WARN_UNUSED_FUNCTION = YES;
				GCC_WARN_UNUSED_VARIABLE = YES;
				IPHONEOS_DEPLOYMENT_TARGET = 13.4;
				MTL_ENABLE_DEBUG_INFO = INCLUDE_SOURCE;
				MTL_FAST_MATH = YES;
				ONLY_ACTIVE_ARCH = YES;
				SDKROOT = iphoneos;
				SWIFT_ACTIVE_COMPILATION_CONDITIONS = DEBUG;
				SWIFT_OPTIMIZATION_LEVEL = "-Onone";
			};
			name = Debug;
		};
		74AA77E7246DC23800E8327F /* Release */ = {
			isa = XCBuildConfiguration;
			buildSettings = {
				ALWAYS_SEARCH_USER_PATHS = NO;
				CLANG_ANALYZER_NONNULL = YES;
				CLANG_ANALYZER_NUMBER_OBJECT_CONVERSION = YES_AGGRESSIVE;
				CLANG_CXX_LANGUAGE_STANDARD = "gnu++14";
				CLANG_CXX_LIBRARY = "libc++";
				CLANG_ENABLE_MODULES = YES;
				CLANG_ENABLE_OBJC_ARC = YES;
				CLANG_ENABLE_OBJC_WEAK = YES;
				CLANG_WARN_BLOCK_CAPTURE_AUTORELEASING = YES;
				CLANG_WARN_BOOL_CONVERSION = YES;
				CLANG_WARN_COMMA = YES;
				CLANG_WARN_CONSTANT_CONVERSION = YES;
				CLANG_WARN_DEPRECATED_OBJC_IMPLEMENTATIONS = YES;
				CLANG_WARN_DIRECT_OBJC_ISA_USAGE = YES_ERROR;
				CLANG_WARN_DOCUMENTATION_COMMENTS = YES;
				CLANG_WARN_EMPTY_BODY = YES;
				CLANG_WARN_ENUM_CONVERSION = YES;
				CLANG_WARN_INFINITE_RECURSION = YES;
				CLANG_WARN_INT_CONVERSION = YES;
				CLANG_WARN_NON_LITERAL_NULL_CONVERSION = YES;
				CLANG_WARN_OBJC_IMPLICIT_RETAIN_SELF = YES;
				CLANG_WARN_OBJC_LITERAL_CONVERSION = YES;
				CLANG_WARN_OBJC_ROOT_CLASS = YES_ERROR;
				CLANG_WARN_RANGE_LOOP_ANALYSIS = YES;
				CLANG_WARN_STRICT_PROTOTYPES = YES;
				CLANG_WARN_SUSPICIOUS_MOVE = YES;
				CLANG_WARN_UNGUARDED_AVAILABILITY = YES_AGGRESSIVE;
				CLANG_WARN_UNREACHABLE_CODE = YES;
				CLANG_WARN__DUPLICATE_METHOD_MATCH = YES;
				COPY_PHASE_STRIP = NO;
				DEBUG_INFORMATION_FORMAT = "dwarf-with-dsym";
				ENABLE_NS_ASSERTIONS = NO;
				ENABLE_STRICT_OBJC_MSGSEND = YES;
				GCC_C_LANGUAGE_STANDARD = gnu11;
				GCC_NO_COMMON_BLOCKS = YES;
				GCC_WARN_64_TO_32_BIT_CONVERSION = YES;
				GCC_WARN_ABOUT_RETURN_TYPE = YES_ERROR;
				GCC_WARN_UNDECLARED_SELECTOR = YES;
				GCC_WARN_UNINITIALIZED_AUTOS = YES_AGGRESSIVE;
				GCC_WARN_UNUSED_FUNCTION = YES;
				GCC_WARN_UNUSED_VARIABLE = YES;
				IPHONEOS_DEPLOYMENT_TARGET = 13.4;
				MTL_ENABLE_DEBUG_INFO = NO;
				MTL_FAST_MATH = YES;
				SDKROOT = iphoneos;
				SWIFT_COMPILATION_MODE = wholemodule;
				SWIFT_OPTIMIZATION_LEVEL = "-O";
				VALIDATE_PRODUCT = YES;
			};
			name = Release;
		};
		74AA77E9246DC23800E8327F /* Debug */ = {
			isa = XCBuildConfiguration;
			buildSettings = {
				ASSETCATALOG_COMPILER_APPICON_NAME = AppIcon;
				CODE_SIGN_STYLE = Automatic;
				DEVELOPMENT_TEAM = B7PFF7SX2C;
				INFOPLIST_FILE = MusicPlayer/Info.plist;
				LD_RUNPATH_SEARCH_PATHS = (
					"$(inherited)",
					"@executable_path/Frameworks",
				);
				PRODUCT_BUNDLE_IDENTIFIER = com.anthonyarjun.MusicPlayer;
				PRODUCT_NAME = "$(TARGET_NAME)";
				SWIFT_VERSION = 5.0;
				TARGETED_DEVICE_FAMILY = "1,2";
			};
			name = Debug;
		};
		74AA77EA246DC23800E8327F /* Release */ = {
			isa = XCBuildConfiguration;
			buildSettings = {
				ASSETCATALOG_COMPILER_APPICON_NAME = AppIcon;
				CODE_SIGN_STYLE = Automatic;
				DEVELOPMENT_TEAM = B7PFF7SX2C;
				INFOPLIST_FILE = MusicPlayer/Info.plist;
				LD_RUNPATH_SEARCH_PATHS = (
					"$(inherited)",
					"@executable_path/Frameworks",
				);
				PRODUCT_BUNDLE_IDENTIFIER = com.anthonyarjun.MusicPlayer;
				PRODUCT_NAME = "$(TARGET_NAME)";
				SWIFT_VERSION = 5.0;
				TARGETED_DEVICE_FAMILY = "1,2";
			};
			name = Release;
		};
		74AA77EC246DC23800E8327F /* Debug */ = {
			isa = XCBuildConfiguration;
			buildSettings = {
				ALWAYS_EMBED_SWIFT_STANDARD_LIBRARIES = YES;
				BUNDLE_LOADER = "$(TEST_HOST)";
				CODE_SIGN_STYLE = Automatic;
				DEVELOPMENT_TEAM = B7PFF7SX2C;
				INFOPLIST_FILE = MusicPlayerTests/Info.plist;
				IPHONEOS_DEPLOYMENT_TARGET = 13.4;
				LD_RUNPATH_SEARCH_PATHS = (
					"$(inherited)",
					"@executable_path/Frameworks",
					"@loader_path/Frameworks",
				);
				PRODUCT_BUNDLE_IDENTIFIER = com.anthonyarjun.MusicPlayerTests;
				PRODUCT_NAME = "$(TARGET_NAME)";
				SWIFT_VERSION = 5.0;
				TARGETED_DEVICE_FAMILY = "1,2";
				TEST_HOST = "$(BUILT_PRODUCTS_DIR)/MusicPlayer.app/MusicPlayer";
			};
			name = Debug;
		};
		74AA77ED246DC23800E8327F /* Release */ = {
			isa = XCBuildConfiguration;
			buildSettings = {
				ALWAYS_EMBED_SWIFT_STANDARD_LIBRARIES = YES;
				BUNDLE_LOADER = "$(TEST_HOST)";
				CODE_SIGN_STYLE = Automatic;
				DEVELOPMENT_TEAM = B7PFF7SX2C;
				INFOPLIST_FILE = MusicPlayerTests/Info.plist;
				IPHONEOS_DEPLOYMENT_TARGET = 13.4;
				LD_RUNPATH_SEARCH_PATHS = (
					"$(inherited)",
					"@executable_path/Frameworks",
					"@loader_path/Frameworks",
				);
				PRODUCT_BUNDLE_IDENTIFIER = com.anthonyarjun.MusicPlayerTests;
				PRODUCT_NAME = "$(TARGET_NAME)";
				SWIFT_VERSION = 5.0;
				TARGETED_DEVICE_FAMILY = "1,2";
				TEST_HOST = "$(BUILT_PRODUCTS_DIR)/MusicPlayer.app/MusicPlayer";
			};
			name = Release;
		};
		74AA77EF246DC23800E8327F /* Debug */ = {
			isa = XCBuildConfiguration;
			buildSettings = {
				ALWAYS_EMBED_SWIFT_STANDARD_LIBRARIES = YES;
				CODE_SIGN_STYLE = Automatic;
				DEVELOPMENT_TEAM = B7PFF7SX2C;
				INFOPLIST_FILE = MusicPlayerUITests/Info.plist;
				LD_RUNPATH_SEARCH_PATHS = (
					"$(inherited)",
					"@executable_path/Frameworks",
					"@loader_path/Frameworks",
				);
				PRODUCT_BUNDLE_IDENTIFIER = com.anthonyarjun.MusicPlayerUITests;
				PRODUCT_NAME = "$(TARGET_NAME)";
				SWIFT_VERSION = 5.0;
				TARGETED_DEVICE_FAMILY = "1,2";
				TEST_TARGET_NAME = MusicPlayer;
			};
			name = Debug;
		};
		74AA77F0246DC23800E8327F /* Release */ = {
			isa = XCBuildConfiguration;
			buildSettings = {
				ALWAYS_EMBED_SWIFT_STANDARD_LIBRARIES = YES;
				CODE_SIGN_STYLE = Automatic;
				DEVELOPMENT_TEAM = B7PFF7SX2C;
				INFOPLIST_FILE = MusicPlayerUITests/Info.plist;
				LD_RUNPATH_SEARCH_PATHS = (
					"$(inherited)",
					"@executable_path/Frameworks",
					"@loader_path/Frameworks",
				);
				PRODUCT_BUNDLE_IDENTIFIER = com.anthonyarjun.MusicPlayerUITests;
				PRODUCT_NAME = "$(TARGET_NAME)";
				SWIFT_VERSION = 5.0;
				TARGETED_DEVICE_FAMILY = "1,2";
				TEST_TARGET_NAME = MusicPlayer;
			};
			name = Release;
		};
/* End XCBuildConfiguration section */

/* Begin XCConfigurationList section */
		74AA77B9246DC23500E8327F /* Build configuration list for PBXProject "MusicPlayer" */ = {
			isa = XCConfigurationList;
			buildConfigurations = (
				74AA77E6246DC23800E8327F /* Debug */,
				74AA77E7246DC23800E8327F /* Release */,
			);
			defaultConfigurationIsVisible = 0;
			defaultConfigurationName = Release;
		};
		74AA77E8246DC23800E8327F /* Build configuration list for PBXNativeTarget "MusicPlayer" */ = {
			isa = XCConfigurationList;
			buildConfigurations = (
				74AA77E9246DC23800E8327F /* Debug */,
				74AA77EA246DC23800E8327F /* Release */,
			);
			defaultConfigurationIsVisible = 0;
			defaultConfigurationName = Release;
		};
		74AA77EB246DC23800E8327F /* Build configuration list for PBXNativeTarget "MusicPlayerTests" */ = {
			isa = XCConfigurationList;
			buildConfigurations = (
				74AA77EC246DC23800E8327F /* Debug */,
				74AA77ED246DC23800E8327F /* Release */,
			);
			defaultConfigurationIsVisible = 0;
			defaultConfigurationName = Release;
		};
		74AA77EE246DC23800E8327F /* Build configuration list for PBXNativeTarget "MusicPlayerUITests" */ = {
			isa = XCConfigurationList;
			buildConfigurations = (
				74AA77EF246DC23800E8327F /* Debug */,
				74AA77F0246DC23800E8327F /* Release */,
			);
			defaultConfigurationIsVisible = 0;
			defaultConfigurationName = Release;
		};
/* End XCConfigurationList section */
	};
	rootObject = 74AA77B6246DC23500E8327F /* Project object */;
}
